version = 1
revision = 5
requires-python = ">=3.14"

[[package]]
name = "alembic"
version = "1.20.0"
source = { registry = "https://pypi.org/simple" }
dependencies = [
    { name = "mako" },
    { name = "sqlalchemy" },
    { name = "typing-extensions" },
]
sdist = { url = "https://files.pythonhosted.org/packages/ed/aa/02910bdb8e2f1444f6654d5b296cd827d126f82209050ee7b1000f92ac4b/alembic-1.20.0.tar.gz", hash = "sha256:db505480647bc60386c5369402f4a57a506b7539c9e9ef5e270d45cbbe4939bf", size = 2093272, upload-time = "2026-09-11T19:09:11.126Z" }
wheels = [
    { url = "https://files.pythonhosted.org/packages/3f/27/78a89b55b0904d222183164e079b4ca56208e94eff1d35ad1f1ad5be9b06/alembic-1.20.0-py3-none-any.whl", hash = "sha256:77eb101048d95f982c0353e9233404889dcd7a6fc244c107836c0e2fc9cf7d9d", size = 268719, upload-time = "2026-09-11T19:09:12.88Z" },
]

[[package]]
name = "blinker"
version = "1.9.0"
source = { registry = "https://pypi.org/simple" }
sdist = { url = "https://files.pythonhosted.org/packages/21/28/9b3f50ce0e048515135495f198351908d99540d69bfdc8c1d15b73dc55ce/blinker-1.9.0.tar.gz", hash = "sha256:b4ce2265a7abece45e7cc896e98dbebe6cead56bcf805a3d23136d145f5445bf", size = 22460, upload-time = "2024-11-08T17:25:47.436Z" }
wheels = [
    { url = "https://files.pythonhosted.org/packages/10/cb/f2ad4230dc2eb1a74edf38f1a38b9b52277f75bef262d8908e60d957e13c/blinker-1.9.0-py3-none-any.whl", hash = "sha256:ba0efaa9080b619ff2f3459d1d500c57bddea4a6b424b60a91141db6fd2f08bc", size = 8458, upload-time = "2024-11-08T17:25:46.184Z" },
]

[[package]]
name = "click"
version = "8.4.2"
source = { registry = "https://pypi.org/simple" }
dependencies = [
    { name = "colorama", marker = "sys_platform == 'win32'" },
]
sdist = { url = "https://files.pythonhosted.org/packages/76/d4/81420972a676e8ffea40450d8c8c92943e7218a78fe9b64359836cc9876b/click-8.4.2.tar.gz", hash = "sha256:9a6cea6e60b17ebe0a44c5cc636d94f09bd66142c1cd7d8b4cd731c4917a15f6", size = 338000, upload-time = "2026-06-24T17:45:15.148Z" }
wheels = [
    { url = "https://files.pythonhosted.org/packages/fb/e2/79c688af8b210d232694e31e59da9f6ec747bae31c3f5946e4e9b98860d5/click-8.4.2-py3-none-any.whl", hash = "sha256:e6f9f66136c816745b9d65817da91d61d957fb16e02e4dcd0552553c5a197b76", size = 119243, upload-time = "2026-06-24T17:45:13.73Z" },
]

[[package]]
name = "colorama"
version = "0.4.6"
source = { registry = "https://pypi.org/simple" }
sdist = { url = "https://files.pythonhosted.org/packages/d8/53/6f443c9a4a8358a93a6792e2acffb9d9d5cb0a5cfd8802644b7b1c9a02e4/colorama-0.4.6.tar.gz", hash = "sha256:08695f5cb7ed6e0531a20572697297273c47b8cae5a63ffc6d6ed5c201be6e44", size = 27697, upload-time = "2022-10-25T02:36:22.414Z" }
wheels = [
    { url = "https://files.pythonhosted.org/packages/d1/d6/3965ed04c63042e047cb6a3e6ed1a63a35087b6a609aa3a15ed8ac56c221/colorama-0.4.6-py2.py3-none-any.whl", hash = "sha256:4f1d9991f5acc0ca119f9d443620b77f9d6b33703e51011c16baf57afb285fc6", size = 25335, upload-time = "2022-10-25T02:36:20.889Z" },
]

[[package]]
name = "coursework-airline-booking"
version = "0.1.0"
source = { virtual = "." }
dependencies = [
    { name = "alembic" },
    { name = "flask" },
]

[package.metadata]
requires-dist = [
    { name = "alembic", specifier = ">=1.20.0" },
    { name = "flask", specifier = ">=3.1.3" },
]

[[package]]
name = "flask"
version = "3.1.3"
source = { registry = "https://pypi.org/simple" }
dependencies = [
    { name = "blinker" },
    { name = "click" },
    { name = "itsdangerous" },
    { name = "jinja2" },
    { name = "markupsafe" },
    { name = "werkzeug" },
]
sdist = { url = "https://files.pythonhosted.org/packages/26/00/35d85dcce6c57fdc871f3867d465d780f302a175ea360f62533f12b27e2b/flask-3.1.3.tar.gz", hash = "sha256:0ef0e52b8a9cd932855379197dd8f94047b359ca0a78695144304cb45f87c9eb", size = 759004, upload-time = "2026-02-19T05:00:57.678Z" }
wheels = [
    { url = "https://files.pythonhosted.org/packages/7f/9c/34f6962f9b9e9c71f6e5ed806e0d0ff03c9d1b0b2340088a0cf4bce09b18/flask-3.1.3-py3-none-any.whl", hash = "sha256:f4bcbefc124291925f1a26446da31a5178f9483862233b23c0c96a20701f670c", size = 103424, upload-time = "2026-02-19T05:00:56.027Z" },
]

[[package]]
name = "itsdangerous"
version = "2.2.0"
source = { registry = "https://pypi.org/simple" }
sdist = { url = "https://files.pythonhosted.org/packages/9c/cb/8ac0172223afbccb63986cc25049b154ecfb5e85932587206f42317be31d/itsdangerous-2.2.0.tar.gz", hash = "sha256:e0050c0b7da1eea53ffaf149c0cfbb5c6e2e2b69c4bef22c81fa6eb73e5f6173", size = 54410, upload-time = "2024-04-16T21:28:15.614Z" }
wheels = [
    { url = "https://files.pythonhosted.org/packages/04/96/92447566d16df59b2a776c0fb82dbc4d9e07cd95062562af01e408583fc4/itsdangerous-2.2.0-py3-none-any.whl", hash = "sha256:c6242fc49e35958c8b15141343aa660db5fc54d4f13a1db01a3f5891b98700ef", size = 16234, upload-time = "2024-04-16T21:28:14.499Z" },
]

[[package]]
name = "jinja2"
version = "3.1.6"
source = { registry = "https://pypi.org/simple" }
dependencies = [
    { name = "markupsafe" },
]
sdist = { url = "https://files.pythonhosted.org/packages/df/bf/f7da0350254c0ed7c72f3e33cef02e048281fec7ecec5f032d4aac52226b/jinja2-3.1.6.tar.gz", hash = "sha256:0137fb05990d35f1275a587e9aee6d56da821fc83491a0fb838183be43f66d6d", size = 245115, upload-time = "2025-03-05T20:05:02.478Z" }
wheels = [
    { url = "https://files.pythonhosted.org/packages/62/a1/3d680cbfd5f4b8f15abc1d571870c5fc3e594bb582bc3b64ea099db13e56/jinja2-3.1.6-py3-none-any.whl", hash = "sha256:85ece4451f492d0c13c5dd7c13a64681a86afae63a5f347908daf103ce6d2f67", size = 134899, upload-time = "2025-03-05T20:05:00.369Z" },
]

[[package]]
name = "mako"
version = "1.4.3"
source = { registry = "https://pypi.org/simple" }
dependencies = [
    { name = "markupsafe" },
]
sdist = { url = "https://files.pythonhosted.org/packages/5a/09/e07c4b5579a79f4b16f8d4f29f6c54514ac787c4ad506b8c4f28a0e6b0bf/mako-1.4.3.tar.gz", hash = "sha256:cd6537fe88d5fec315c55c2f8529bc4ce7a9a352ad7db3eeaa6a66e2dd4ec37a", size = 412799, upload-time = "2026-09-22T20:54:31.509Z" }
wheels = [
    { url = "https://files.pythonhosted.org/packages/6d/a0/053d6af3e8f871e0073b4a36732d9e65be77a72e5434c31b94f6af78a6bb/mako-1.4.3-py3-none-any.whl", hash = "sha256:723296007c870bfd6b3f0c3230dba7198096e5269297ebf5e4eff9e7ffa39d4f", size = 80164, upload-time = "2026-09-22T20:54:33.128Z" },
]

[[package]]
name = "markupsafe"
version = "3.0.3"
source = { registry = "https://pypi.org/simple" }
sdist = { url = "https://files.pythonhosted.org/packages/7e/99/7690b6d4034fffd95959cbe0c02de8deb3098cc577c67bb6a24fe5d7caa7/markupsafe-3.0.3.tar.gz", hash = "sha256:722695808f4b6457b320fdc131280796bdceb04ab50fe1795cd540799ebe1698", size = 80313, upload-time = "2025-09-27T18:37:40.426Z" }
wheels = [
    { url = "https://files.pythonhosted.org/packages/33/8a/8e42d4838cd89b7dde187011e97fe6c3af66d8c044997d2183fbd6d31352/markupsafe-3.0.3-cp314-cp314-macosx_10_13_x86_64.whl", hash = "sha256:eaa9599de571d72e2daf60164784109f19978b327a3910d3e9de8c97b5b70cfe", size = 11619, upload-time = "2025-09-27T18:37:06.342Z" },
    { url = "https://files.pythonhosted.org/packages/b5/64/7660f8a4a8e53c924d0fa05dc3a55c9cee10bbd82b11c5afb27d44b096ce/markupsafe-3.0.3-cp314-cp314-macosx_11_0_arm64.whl", hash = "sha256:c47a551199eb8eb2121d4f0f15ae0f923d31350ab9280078d1e5f12b249e0026", size = 12029, upload-time = "2025-09-27T18:37:07.213Z" },
    { url = "https://files.pythonhosted.org/packages/da/ef/e648bfd021127bef5fa12e1720ffed0c6cbb8310c8d9bea7266337ff06de/markupsafe-3.0.3-cp314-cp314-manylinux2014_aarch64.manylinux_2_17_aarch64.manylinux_2_28_aarch64.whl", hash = "sha256:f34c41761022dd093b4b6896d4810782ffbabe30f2d443ff5f083e0cbbb8c737", size = 24408, upload-time = "2025-09-27T18:37:09.572Z" },
    { url = "https://files.pythonhosted.org/packages/41/3c/a36c2450754618e62008bf7435ccb0f88053e07592e6028a34776213d877/markupsafe-3.0.3-cp314-cp314-manylinux2014_x86_64.manylinux_2_17_x86_64.manylinux_2_28_x86_64.whl", hash = "sha256:457a69a9577064c05a97c41f4e65148652db078a3a509039e64d3467b9e7ef97", size = 23005, upload-time = "2025-09-27T18:37:10.58Z" },
    { url = "https://files.pythonhosted.org/packages/bc/20/b7fdf89a8456b099837cd1dc21974632a02a999ec9bf7ca3e490aacd98e7/markupsafe-3.0.3-cp314-cp314-manylinux_2_31_riscv64.manylinux_2_39_riscv64.whl", hash = "sha256:e8afc3f2ccfa24215f8cb28dcf43f0113ac3c37c2f0f0806d8c70e4228c5cf4d", size = 22048, upload-time = "2025-09-27T18:37:11.547Z" },
    { url = "https://files.pythonhosted.org/packages/9a/a7/591f592afdc734f47db08a75793a55d7fbcc6902a723ae4cfbab61010cc5/markupsafe-3.0.3-cp314-cp314-musllinux_1_2_aarch64.whl", hash = "sha256:ec15a59cf5af7be74194f7ab02d0f59a62bdcf1a537677ce67a2537c9b87fcda", size = 23821, upload-time = "2025-09-27T18:37:12.48Z" },
    { url = "https://files.pythonhosted.org/packages/7d/33/45b24e4f44195b26521bc6f1a82197118f74df348556594bd2262bda1038/markupsafe-3.0.3-cp314-cp314-musllinux_1_2_riscv64.whl", hash = "sha256:0eb9ff8191e8498cca014656ae6b8d61f39da5f95b488805da4bb029cccbfbaf", size = 21606, upload-time = "2025-09-27T18:37:13.485Z" },
    { url = "https://files.pythonhosted.org/packages/ff/0e/53dfaca23a69fbfbbf17a4b64072090e70717344c52eaaaa9c5ddff1e5f0/markupsafe-3.0.3-cp314-cp314-musllinux_1_2_x86_64.whl", hash = "sha256:2713baf880df847f2bece4230d4d094280f4e67b1e813eec43b4c0e144a34ffe", size = 23043, upload-time = "2025-09-27T18:37:14.408Z" },
    { url = "https://files.pythonhosted.org/packages/46/11/f333a06fc16236d5238bfe74daccbca41459dcd8d1fa952e8fbd5dccfb70/markupsafe-3.0.3-cp314-cp314-win32.whl", hash = "sha256:729586769a26dbceff69f7a7dbbf59ab6572b99d94576a5592625d5b411576b9", size = 14747, upload-time = "2025-09-27T18:37:15.36Z" },
    { url = "https://files.pythonhosted.org/packages/28/52/182836104b33b444e400b14f797212f720cbc9ed6ba34c800639d154e821/markupsafe-3.0.3-cp314-cp314-win_amd64.whl", hash = "sha256:bdc919ead48f234740ad807933cdf545180bfbe9342c2bb451556db2ed958581", size = 15341, upload-time = "2025-09-27T18:37:16.496Z" },
    { url = "https://files.pythonhosted.org/packages/6f/18/acf23e91bd94fd7b3031558b1f013adfa21a8e407a3fdb32745538730382/markupsafe-3.0.3-cp314-cp314-win_arm64.whl", hash = "sha256:5a7d5dc5140555cf21a6fefbdbf8723f06fcd2f63ef108f2854de715e4422cb4", size = 14073, upload-time = "2025-09-27T18:37:17.476Z" },
    { url = "https://files.pythonhosted.org/packages/3c/f0/57689aa4076e1b43b15fdfa646b04653969d50cf30c32a102762be2485da/markupsafe-3.0.3-cp314-cp314t-macosx_10_13_x86_64.whl", hash = "sha256:1353ef0c1b138e1907ae78e2f6c63ff67501122006b0f9abad68fda5f4ffc6ab", size = 11661, upload-time = "2025-09-27T18:37:18.453Z" },
    { url = "https://files.pythonhosted.org/packages/89/c3/2e67a7ca217c6912985ec766c6393b636fb0c2344443ff9d91404dc4c79f/markupsafe-3.0.3-cp314-cp314t-macosx_11_0_arm64.whl", hash = "sha256:1085e7fbddd3be5f89cc898938f42c0b3c711fdcb37d75221de2666af647c175", size = 12069, upload-time = "2025-09-27T18:37:19.332Z" },
    { url = "https://files.pythonhosted.org/packages/f0/00/be561dce4e6ca66b15276e184ce4b8aec61fe83662cce2f7d72bd3249d28/markupsafe-3.0.3-cp314-cp314t-manylinux2014_aarch64.manylinux_2_17_aarch64.manylinux_2_28_aarch64.whl", hash = "sha256:1b52b4fb9df4eb9ae465f8d0c228a00624de2334f216f178a995ccdcf82c4634", size = 25670, upload-time = "2025-09-27T18:37:20.245Z" },
    { url = "https://files.pythonhosted.org/packages/50/09/c419f6f5a92e5fadde27efd190eca90f05e1261b10dbd8cbcb39cd8ea1dc/markupsafe-3.0.3-cp314-cp314t-manylinux2014_x86_64.manylinux_2_17_x86_64.manylinux_2_28_x86_64.whl", hash = "sha256:fed51ac40f757d41b7c48425901843666a6677e3e8eb0abcff09e4ba6e664f50", size = 23598, upload-time = "2025-09-27T18:37:21.177Z" },
    { url = "https://files.pythonhosted.org/packages/22/44/a0681611106e0b2921b3033fc19bc53323e0b50bc70cffdd19f7d679bb66/markupsafe-3.0.3-cp314-cp314t-manylinux_2_31_riscv64.manylinux_2_39_riscv64.whl", hash = "sha256:f190daf01f13c72eac4efd5c430a8de82489d9cff23c364c3ea822545032993e", size = 23261, upload-time = "2025-09-27T18:37:22.167Z" },
    { url = "https://files.pythonhosted.org/packages/5f/57/1b0b3f100259dc9fffe780cfb60d4be71375510e435efec3d116b6436d43/markupsafe-3.0.3-cp314-cp314t-musllinux_1_2_aarch64.whl", hash = "sha256:e56b7d45a839a697b5eb268c82a71bd8c7f6c94d6fd50c3d577fa39a9f1409f5", size = 24835, upload-time = "2025-09-27T18:37:23.296Z" },
    { url = "https://files.pythonhosted.org/packages/26/6a/4bf6d0c97c4920f1597cc14dd720705eca0bf7c787aebc6bb4d1bead5388/markupsafe-3.0.3-cp314-cp314t-musllinux_1_2_riscv64.whl", hash = "sha256:f3e98bb3798ead92273dc0e5fd0f31ade220f59a266ffd8a4f6065e0a3ce0523", size = 22733, upload-time = "2025-09-27T18:37:24.237Z" },
    { url = "https://files.pythonhosted.org/packages/14/c7/ca723101509b518797fedc2fdf79ba57f886b4aca8a7d31857ba3ee8281f/markupsafe-3.0.3-cp314-cp314t-musllinux_1_2_x86_64.whl", hash = "sha256:5678211cb9333a6468fb8d8be0305520aa073f50d17f089b5b4b477ea6e67fdc", size = 23672, upload-time = "2025-09-27T18:37:25.271Z" },
    { url = "https://files.pythonhosted.org/packages/fb/df/5bd7a48c256faecd1d36edc13133e51397e41b73bb77e1a69deab746ebac/markupsafe-3.0.3-cp314-cp314t-win32.whl", hash = "sha256:915c04ba3851909ce68ccc2b8e2cd691618c4dc4c4232fb7982bca3f41fd8c3d", size = 14819, upload-time = "2025-09-27T18:37:26.285Z" },
    { url = "https://files.pythonhosted.org/packages/1a/8a/0402ba61a2f16038b48b39bccca271134be00c5c9f0f623208399333c448/markupsafe-3.0.3-cp314-cp314t-win_amd64.whl", hash = "sha256:4faffd047e07c38848ce017e8725090413cd80cbc23d86e55c587bf979e579c9", size = 15426, upload-time = "2025-09-27T18:37:27.316Z" },
    { url = "https://files.pythonhosted.org/packages/70/bc/6f1c2f612465f5fa89b95bead1f44dcb607670fd42891d8fdcd5d039f4f4/markupsafe-3.0.3-cp314-cp314t-win_arm64.whl", hash = "sha256:32001d6a8fc98c8cb5c947787c5d08b0a50663d139f1305bac5885d98d9b40fa", size = 14146, upload-time = "2025-09-27T18:37:28.327Z" },
]

[[package]]
name = "sqlalchemy"
version = "2.1.4"
source = { registry = "https://pypi.org/simple" }
dependencies = [
    { name = "typing-extensions" },
]
sdist = { url = "https://files.pythonhosted.org/packages/1f/44/311bac6b6ef81e4dfd0287d04900108b1f5c00c9761dd3c0a2b7b9d0f86b/sqlalchemy-2.1.4.tar.gz", hash = "sha256:7bd7ad604487daa7eab8716471c29a7185f17b5287ce73bb7bc79fea050d8cfd", size = 10544216, upload-time = "2026-10-07T17:33:59.116Z" }
wheels = [
    { url = "https://files.pythonhosted.org/packages/43/b0/6675a01f4e6215e0a809d28a800953294ab31370fe8c4bb3eb9e28c0b5a6/sqlalchemy-2.1.4-cp314-cp314-macosx_11_0_arm64.whl", hash = "sha256:7a2f6164c0527cd8fc4cea79a5c9d8369ffee417b8ba444a42342f36b91deb75", size = 2463645, upload-time = "2026-10-07T18:04:41.615Z" },
    { url = "https://files.pythonhosted.org/packages/7e/24/4630a4009ea08a0769d5ff6517c7fc978f6a63eba32e08c44b98c284d7e4/sqlalchemy-2.1.4-cp314-cp314-manylinux2014_aarch64.manylinux_2_17_aarch64.manylinux_2_28_aarch64.whl", hash = "sha256:6929a11ad26a91a4efd891c1252b373c2e88f056910b83ec6030ed3f2cbcb734", size = 4587911, upload-time = "2026-10-07T18:17:12.512Z" },
    { url = "https://files.pythonhosted.org/packages/0e/02/953686f44448b92cc628245687a242799b6eb11ef30ad2bc7adacd51986d/sqlalchemy-2.1.4-cp314-cp314-manylinux2014_x86_64.manylinux_2_17_x86_64.manylinux_2_28_x86_64.whl", hash = "sha256:14528d37d7d46a92f2a483f188f7fecd86cdd789254a0412b960c9fc5e9efd6d", size = 4617539, upload-time = "2026-10-07T18:34:55.826Z" },
    { url = "https://files.pythonhosted.org/packages/13/23/a44288ab4fa12e51c9d390e7d798d70a45669ddcbddc9dd9b5948eb1aa3f/sqlalchemy-2.1.4-cp314-cp314-manylinux_2_31_riscv64.manylinux_2_39_riscv64.whl", hash = "sha256:d2cb669c6bd1f19caf51db6e3c4fdd4cbb76f9db3ef81c3aeb5e288d9bae101b", size = 4310883, upload-time = "2026-10-07T18:38:50.265Z" },
    { url = "https://files.pythonhosted.org/packages/a3/39/1c441ac015767f619a9e6cc306905bb042f94b84f2a1e930e989e9c6e209/sqlalchemy-2.1.4-cp314-cp314-musllinux_1_2_aarch64.whl", hash = "sha256:63dc25b21fd9a41dc09b7aada4b3b0d97cf4b6414f74bced6ac45326bc799ac9", size = 4516511, upload-time = "2026-10-07T18:17:14.368Z" },
    { url = "https://files.pythonhosted.org/packages/2f/b9/f54ea5ccb27d9a712d90d1617050bee761df25dc1fb5e0b7d2aa867deb51/sqlalchemy-2.1.4-cp314-cp314-musllinux_1_2_riscv64.whl", hash = "sha256:308f96d24e773d64609a2a0d1161a068f9f6e9165523bc4e07aa9c45f0c4213f", size = 4312314, upload-time = "2026-10-07T18:38:53.249Z" },
    { url = "https://files.pythonhosted.org/packages/df/9a/c1e39287ee988e4c2e25c619959b8fb15b297734be040653fe85b57517ee/sqlalchemy-2.1.4-cp314-cp314-musllinux_1_2_x86_64.whl", hash = "sha256:93b9416b9011a3b7689a933e04ac9f61d15686b6cb1948ebc1f41467153116c3", size = 4577833, upload-time = "2026-10-07T18:34:57.829Z" },
    { url = "https://files.pythonhosted.org/packages/41/78/5f1ae1911d2b20ccdb39ee522118533a4b5262b6e5e06bbcbb1ebd1f4617/sqlalchemy-2.1.4-cp314-cp314-win32.whl", hash = "sha256:89db94855287fdac98d74595cf13ea59fbffa608d6400ff972b0fd4c036d873f", size = 2380724, upload-time = "2026-10-07T18:22:25.374Z" },
    { url = "https://files.pythonhosted.org/packages/ca/93/4dfa4ce15d082011fb94e06e7c6b4c2957a3f0ddeb8fe9b89d007bc058d7/sqlalchemy-2.1.4-cp314-cp314-win_amd64.whl", hash = "sha256:080f8d853aac5bb5620f0ae6f46527397cf18dce0ec2b478b478469ef3cae2c4", size = 2431689, upload-time = "2026-10-07T18:22:27.144Z" },
    { url = "https://files.pythonhosted.org/packages/1a/c4/6f6c29eaf459c4c2d9b7d24e300bab32043f8f8a936df863f3b886b5564a/sqlalchemy-2.1.4-cp314-cp314-win_arm64.whl", hash = "sha256:64d41be1dd88f184de1931f0173f4827122a1b49fd1150656641200c0bdf640c", size = 2396106, upload-time = "2026-10-07T18:11:49.528Z" },
    { url = "https://files.pythonhosted.org/packages/a5/e9/48f851411665e394f60c669d1f9494d660f5f1fe46e275f9615cfc812a98/sqlalchemy-2.1.4-cp314-cp314t-macosx_11_0_arm64.whl", hash = "sha256:84272f329c15081a1e09b4a7261118b4e8a547f43e00fca98e55bbdf19eff3be", size = 2503038, upload-time = "2026-10-07T18:19:41.094Z" },
    { url = "https://files.pythonhosted.org/packages/41/ed/bf83068bda4051d7fd719c14cefc15d8466ef1e3656b9f4401b0509b11e0/sqlalchemy-2.1.4-cp314-cp314t-manylinux2014_aarch64.manylinux_2_17_aarch64.manylinux_2_28_aarch64.whl", hash = "sha256:7b3f58bd26fc010ea28976d401845e4e6ce02e1b7c0288b3ea9c9a3c396f0bcc", size = 4919623, upload-time = "2026-10-07T18:16:45.399Z" },
    { url = "https://files.pythonhosted.org/packages/56/de/57eb70d56b70d22a9360d658b195834ecfdeff7a7bc5c2e3a7fa7a8f7823/sqlalchemy-2.1.4-cp314-cp314t-manylinux2014_x86_64.manylinux_2_17_x86_64.manylinux_2_28_x86_64.whl", hash = "sha256:82d728075d42bd457d09655cf22e99d772a648c6f67e86743a4f05b7d063ca18", size = 4830238, upload-time = "2026-10-07T18:37:04.468Z" },
    { url = "https://files.pythonhosted.org/packages/70/3d/c410e9e79a53fff4c04444da609fed6404868d250f11fe8bc53d827bfb0e/sqlalchemy-2.1.4-cp314-cp314t-manylinux_2_31_riscv64.manylinux_2_39_riscv64.whl", hash = "sha256:0970394ec5d9e397aafc5bc5fa2b7f8b58cb191f2703006b19a96ef4bf00b8d9", size = 4508380, upload-time = "2026-10-07T18:38:44.277Z" },
    { url = "https://files.pythonhosted.org/packages/1f/c3/01b93821ba35b5b162e79c613279d960a120767694f656da1c1374dd3ed3/sqlalchemy-2.1.4-cp314-cp314t-musllinux_1_2_aarch64.whl", hash = "sha256:6005f2f5fcd67fdd721446128e6a2a1d18f77387a604fbd26b0006a086b33096", size = 4775311, upload-time = "2026-10-07T18:16:47.724Z" },
    { url = "https://files.pythonhosted.org/packages/c7/88/0b40754e4d851d33548792062c23467a3d8dc07f2eff90cb19e4c404fb4c/sqlalchemy-2.1.4-cp314-cp314t-musllinux_1_2_riscv64.whl", hash = "sha256:0e01a3e199ae219381c4889993c5584b1b905fffe6830f639adb6770036a8913", size = 4508558, upload-time = "2026-10-07T18:38:47.857Z" },
    { url = "https://files.pythonhosted.org/packages/d3/2f/3916954eca5596d9e93fccd2ec0e45fd8c65981debac0ec4617639ded6ba/sqlalchemy-2.1.4-cp314-cp314t-musllinux_1_2_x86_64.whl", hash = "sha256:22129e7d00ac66b291840c4dc83a9c497456ab5bffa682dcbfdc2356f9e49e5a", size = 4767114, upload-time = "2026-10-07T18:37:06.792Z" },
    { url = "https://files.pythonhosted.org/packages/6b/d6/6a29716aec6ae17cd77e27b5e0dedc68cf9068594f2b601806c1d146427a/sqlalchemy-2.1.4-cp314-cp314t-win32.whl", hash = "sha256:bc33d3e59d4e84b8866cc9ba13732585e37212dbe3542cb09f232682b36f47a5", size = 2439584, upload-time = "2026-10-07T18:22:44.434Z" },
    { url = "https://files.pythonhosted.org/packages/34/79/2f0b33647d2d26f098269096c1864c0b4e81095354cdedb95192647f47cd/sqlalchemy-2.1.4-cp314-cp314t-win_amd64.whl", hash = "sha256:346d144e8912ae087b10d3c2081657cb634728600693eee6dbb71d7eb4768101", size = 2507217, upload-time = "2026-10-07T18:22:46.176Z" },
    { url = "https://files.pythonhosted.org/packages/93/e5/869c1ac0a21e17e4617b6a7828b50320bedb7074b6d67aec59299be5cdba/sqlalchemy-2.1.4-cp314-cp314t-win_arm64.whl", hash = "sha256:3e5de57c71b3460e2ca6137e82cd3cb8c9f711f301f50d5c77156fdb9c822999", size = 2425329, upload-time = "2026-10-07T18:12:20.595Z" },
    { url = "https://files.pythonhosted.org/packages/2b/8e/a082a165b473dae45d2f2f79be15f5c405ac579830c64253efbf04695177/sqlalchemy-2.1.4-cp315-cp315-macosx_11_0_arm64.whl", hash = "sha256:418786f05387ddb66ee683a1d016c5a8d9bf7be921e6ee8f285c7b6ac961a731", size = 2463572, upload-time = "2026-10-07T18:11:12.053Z" },
    { url = "https://files.pythonhosted.org/packages/d1/35/74db254005ecb384533973b157ba1fc3fe5bc41a5bc6e0500ab8369c49e6/sqlalchemy-2.1.4-cp315-cp315-manylinux2014_aarch64.manylinux_2_17_aarch64.manylinux_2_28_aarch64.whl", hash = "sha256:283914efed30e4d44301e36ac90ad048570538b8a70f072fe01578d9b205d09c", size = 4591740, upload-time = "2026-10-07T18:01:00.314Z" },
    { url = "https://files.pythonhosted.org/packages/70/81/5cadd72b0c26b6ee7c1e6950cb9f0cfc383246a842314a1b2a87f455db25/sqlalchemy-2.1.4-cp315-cp315-manylinux2014_x86_64.manylinux_2_17_x86_64.manylinux_2_28_x86_64.whl", hash = "sha256:3d2eacdbeb990b80235763860923c60a8393745b66f7149a734980c65896da72", size = 4627040, upload-time = "2026-10-07T18:09:24.836Z" },
    { url = "https://files.pythonhosted.org/packages/8e/78/aed93cc373f61b57625e1f9f84bbf12358e32e935e64fa098f3a446e1203/sqlalchemy-2.1.4-cp315-cp315-manylinux_2_31_riscv64.manylinux_2_39_riscv64.whl", hash = "sha256:e43fca5fdd5f34a3f8c54107a3648d3139de8bbf596a189f3f0de94bd84949bb", size = 4333103, upload-time = "2026-10-07T18:33:48.275Z" },
    { url = "https://files.pythonhosted.org/packages/e0/31/ecc6bbd365671cdc512a59d42afa7c34b2833a8d841754918ae3f62d36dd/sqlalchemy-2.1.4-cp315-cp315-musllinux_1_2_aarch64.whl", hash = "sha256:2e1b5343d315b10a4a71da481729f66f830a561595e02b61e8a5a65d658325ac", size = 4519962, upload-time = "2026-10-07T18:01:02.268Z" },
    { url = "https://files.pythonhosted.org/packages/58/58/9f8f6157c2252aefe73f4a0b3859413bb720d14321aa7f367c691949aaf8/sqlalchemy-2.1.4-cp315-cp315-musllinux_1_2_riscv64.whl", hash = "sha256:42c37c06adcecf444e8c981f7e9237a41bdd445c83da0df9e08b4ad958becbbc", size = 4331935, upload-time = "2026-10-07T18:33:50.334Z" },
    { url = "https://files.pythonhosted.org/packages/97/de/a4ae4b95d17607004f01e9a085fb221087c557bbad77a3d87d5d0a5fd8bc/sqlalchemy-2.1.4-cp315-cp315-musllinux_1_2_x86_64.whl", hash = "sha256:bab7f51d38766d6a64da2b41976f1b3f9cc2ff37d3f2f63bdbac876199f3a48e", size = 4589275, upload-time = "2026-10-07T18:09:26.872Z" },
    { url = "https://files.pythonhosted.org/packages/65/27/56f69293a01279ac0e6077b8c358eb0f1c2afc6aa17428414a86c8871042/sqlalchemy-2.1.4-cp315-cp315-win32.whl", hash = "sha256:1541ba5bf0f232cd61f9ef3df78c93977c72ba6031506a0e6d057b2a3ddb76e9", size = 2380494, upload-time = "2026-10-07T18:04:25.637Z" },
    { url = "https://files.pythonhosted.org/packages/2c/7c/ff7e29f95996ed49b950afd531b89e7c8d15addb41735643d07090550090/sqlalchemy-2.1.4-cp315-cp315-win_amd64.whl", hash = "sha256:596a95611c217cb19c21f02f43c637cb507cab71dcf0467c5c7d98fcdd703007", size = 2431760, upload-time = "2026-10-07T18:04:27.275Z" },
    { url = "https://files.pythonhosted.org/packages/76/8c/4eaa4978760cd632093ea272e7c4f88223619202f5481f897e67d4377409/sqlalchemy-2.1.4-cp315-cp315-win_arm64.whl", hash = "sha256:0d1ca95e42ce3c18818f170b741d30a33b292c6f6b9a202ffd717e28fc99b8c7", size = 2395807, upload-time = "2026-10-07T18:30:54.962Z" },
    { url = "https://files.pythonhosted.org/packages/be/7b/b806fbfc61ade37c4f3aecec0874c345fb297b56a3743116dcefa3e4700d/sqlalchemy-2.1.4-cp315-cp315t-macosx_11_0_arm64.whl", hash = "sha256:0f672ed6972164fec94a8f0b21dcf8545080d0727866335fb8adf9f4764ce6ec", size = 2499195, upload-time = "2026-10-07T18:19:42.835Z" },
    { url = "https://files.pythonhosted.org/packages/fc/ba/4f9fba8340222f09287e936d7b76e6911a4e507c7d6373ada770e8f697d5/sqlalchemy-2.1.4-cp315-cp315t-manylinux2014_aarch64.manylinux_2_17_aarch64.manylinux_2_28_aarch64.whl", hash = "sha256:72e3fa41d1fdab87d4e88bbdd69c9522e2795549fbe7b07bcf4ae9ec175f4b11", size = 4896914, upload-time = "2026-10-07T18:16:53.18Z" },
    { url = "https://files.pythonhosted.org/packages/55/34/c4aeec7bee453badd8b0e02c2021a13bd70ef01038303d05326e99f595b6/sqlalchemy-2.1.4-cp315-cp315t-manylinux2014_x86_64.manylinux_2_17_x86_64.manylinux_2_28_x86_64.whl", hash = "sha256:cb2cb98d056e63e353ed697750004e07c79b054d73059ba3184ca3bb07296bea", size = 4846593, upload-time = "2026-10-07T18:37:08.766Z" },
    { url = "https://files.pythonhosted.org/packages/82/54/6dd8504364e5f5efd328e98fea963e5a2e978ff8dcba70d95231314f82a9/sqlalchemy-2.1.4-cp315-cp315t-manylinux_2_31_riscv64.manylinux_2_39_riscv64.whl", hash = "sha256:1d66fdcc5506e0f8bb8d3f4f95125220a7cd6c46e8b1762750f01e9639973dd8", size = 4494821, upload-time = "2026-10-07T18:38:51.166Z" },
    { url = "https://files.pythonhosted.org/packages/df/42/dc584c098bce29578fd0611cd6f36830e06b4dd2505d3020a0b592f4cf08/sqlalchemy-2.1.4-cp315-cp315t-musllinux_1_2_aarch64.whl", hash = "sha256:81f802c96dbf96e59c6982fa1b87da7868920fb0c27b9b81e560a62f57c2ccfb", size = 4752545, upload-time = "2026-10-07T18:16:55.711Z" },
    { url = "https://files.pythonhosted.org/packages/8c/41/69a70c1419bea97e80f65ce09f4f626df464752b276f4f3d69ff6fbf2325/sqlalchemy-2.1.4-cp315-cp315t-musllinux_1_2_riscv64.whl", hash = "sha256:acf8982c70471a68aa90d1aba08b48860c55b3357ec84ccb0f09368ead2ce099", size = 4494093, upload-time = "2026-10-07T18:38:54.37Z" },
    { url = "https://files.pythonhosted.org/packages/ef/bd/d296c2223e8417b350db215d94dcd344bc0dfe9deb7d810a21f7d8cd0b14/sqlalchemy-2.1.4-cp315-cp315t-musllinux_1_2_x86_64.whl", hash = "sha256:778094c83e36c430756a7e1a1ac66fc3cffb2c6a1067958fe6b920abcec7bc5a", size = 4771973, upload-time = "2026-10-07T18:37:10.93Z" },
    { url = "https://files.pythonhosted.org/packages/13/4c/c3a10d9da10e4e60808ffd1825547b383c0d7ca9e56d15cdae47c04e752e/sqlalchemy-2.1.4-cp315-cp315t-win32.whl", hash = "sha256:963348422b22f760e9462e56bc32bf4d95d224cc5b8c79a3c6e3b786d3d2a2b2", size = 2436383, upload-time = "2026-10-07T18:22:48.162Z" },
    { url = "https://files.pythonhosted.org/packages/51/de/8045d4ad1fd3a66c3b9bb576f3734c86015e19ae2f1617af92eb63cf9e58/sqlalchemy-2.1.4-cp315-cp315t-win_amd64.whl", hash = "sha256:fba3500e170d25f581e053009edeb0b158116084d91d465de218718d336b67c3", size = 2502237, upload-time = "2026-10-07T18:22:50.196Z" },
    { url = "https://files.pythonhosted.org/packages/6b/4b/245e2315d331cc15765a2373e068445fbd28eb63beb23ea862828808c0bf/sqlalchemy-2.1.4-cp315-cp315t-win_arm64.whl", hash = "sha256:0a9a464bc360856b7ea9bf8aa26aab92ca115dd08149cb0e004063d5db13584b", size = 2420917, upload-time = "2026-10-07T18:12:21.876Z" },
    { url = "https://files.pythonhosted.org/packages/f7/62/dbf11a262f6fbb41390cab2d8e47a30ec0961018b68201607b599dd489f5/sqlalchemy-2.1.4-py3-none-any.whl", hash = "sha256:0b96edcc2cd60fe1e35f67a46f4eb076e57297841b9eae949ac5f196593f00a7", size = 2054935, upload-time = "2026-10-07T18:01:16.403Z" },
]

[[package]]
name = "typing-extensions"
version = "4.16.0"
source = { registry = "https://pypi.org/simple" }
sdist = { url = "https://files.pythonhosted.org/packages/f6/cc/6253133b5bb138fc3306cebfbda2c520f545d36b5be2c7255cc528bb45d6/typing_extensions-4.16.0.tar.gz", hash = "sha256:dc983d19a509c94dba722ee6abd33940f7c05a89e243c47e907eb4db6f1a43e5", size = 113555, upload-time = "2026-07-02T08:40:05.92Z" }
wheels = [
    { url = "https://files.pythonhosted.org/packages/49/d3/b8441a820a491ddfc024b0b0cf0393375b75ea13866d9c66727e54c2fc80/typing_extensions-4.16.0-py3-none-any.whl", hash = "sha256:481caa481374e813c1b176ada14e97f1f67a4539ce9cfeb3f350d78d6370c2e8", size = 45571, upload-time = "2026-07-02T08:40:04.659Z" },
]

[[package]]
name = "werkzeug"
version = "3.1.8"
source = { registry = "https://pypi.org/simple" }
dependencies = [
    { name = "markupsafe" },
]
sdist = { url = "https://files.pythonhosted.org/packages/dd/b2/381be8cfdee792dd117872481b6e378f85c957dd7c5bca38897b08f765fd/werkzeug-3.1.8.tar.gz", hash = "sha256:9bad61a4268dac112f1c5cd4630a56ede601b6ed420300677a869083d70a4c44", size = 875852, upload-time = "2026-04-02T18:49:14.268Z" }
wheels = [
    { url = "https://files.pythonhosted.org/packages/93/8c/2e650f2afeb7ee576912636c23ddb621c91ac6a98e66dc8d29c3c69446e1/werkzeug-3.1.8-py3-none-any.whl", hash = "sha256:63a77fb8892bf28ebc3178683445222aa500e48ebad5ec77b0ad80f8726b1f50", size = 226459, upload-time = "2026-04-02T18:49:12.72Z" },
]
